
Microsoft Visual Studio Solution File, Format Version 12.00
# Visual Studio Version 16
VisualStudioVersion = 16.0.32126.315
MinimumVisualStudioVersion = 10.0.40219.1
Project("{FAE04EC0-301F-11D3-BF4B-00C04F79EFBC}") = "HZA_Web_Phase_1", "HZA_Web_Phase_1\HZA_Web_Phase_1.csproj", "{BB35D2EE-E7F8-4ECD-9559-E1F1C6BAA07A}"
EndProject
Global
	GlobalSection(SolutionConfigurationPlatforms) = preSolution
		Debug|Any CPU = Debug|Any CPU
		Release|Any CPU = Release|Any CPU
	EndGlobalSection
	GlobalSection(ProjectConfigurationPlatforms) = postSolution
		{BB35D2EE-E7F8-4ECD-9559-E1F1C6BAA07A}.Debug|Any CPU.ActiveCfg = Debug|Any CPU
		{BB35D2EE-E7F8-4ECD-9559-E1F1C6BAA07A}.Debug|Any CPU.Build.0 = Debug|Any CPU
		{BB35D2EE-E7F8-4ECD-9559-E1F1C6BAA07A}.Release|Any CPU.ActiveCfg = Release|Any CPU
		{BB35D2EE-E7F8-4ECD-9559-E1F1C6BAA07A}.Release|Any CPU.Build.0 = Release|Any CPU
	EndGlobalSection
	GlobalSection(SolutionProperties) = preSolution
		HideSolutionNode = FALSE
	EndGlobalSection
	GlobalSection(ExtensibilityGlobals) = postSolution
		SolutionGuid = {A07347E5-0B82-4EEC-BD89-F33176EE2707}
	EndGlobalSection
EndGlobal
